
Microsoft Visual Studio Solution File, Format Version 12.00
# Visual Studio Version 16
VisualStudioVersion = 16.0.31624.102
MinimumVisualStudioVersion = 10.0.40219.1
Project("{8BC9CEB8-8B4A-11D0-8D11-00A0C91BC942}") = "laborda", "laborda\laborda.vcxproj", "{B973769B-9900-4025-940F-8CFAC31A2733}"
EndProject
Project("{8BC9CEB8-8B4A-11D0-8D11-00A0C91BC942}") = "lab5a", "lab5a\lab5a.vcxproj", "{3117FA3E-A4F0-4F84-B06D-8CB7B6081BC9}"
EndProject
Project("{8BC9CEB8-8B4A-11D0-8D11-00A0C91BC942}") = "№6", "№6\№6.vcxproj", "{B589E10F-8316-492C-9487-FAA89BA36565}"
EndProject
Global
	GlobalSection(SolutionConfigurationPlatforms) = preSolution
		Debug|x64 = Debug|x64
		Debug|x86 = Debug|x86
		Release|x64 = Release|x64
		Release|x86 = Release|x86
	EndGlobalSection
	GlobalSection(ProjectConfigurationPlatforms) = postSolution
		{B973769B-9900-4025-940F-8CFAC31A2733}.Debug|x64.ActiveCfg = Debug|x64
		{B973769B-9900-4025-940F-8CFAC31A2733}.Debug|x64.Build.0 = Debug|x64
		{B973769B-9900-4025-940F-8CFAC31A2733}.Debug|x86.ActiveCfg = Debug|Win32
		{B973769B-9900-4025-940F-8CFAC31A2733}.Debug|x86.Build.0 = Debug|Win32
		{B973769B-9900-4025-940F-8CFAC31A2733}.Release|x64.ActiveCfg = Release|x64
		{B973769B-9900-4025-940F-8CFAC31A2733}.Release|x64.Build.0 = Release|x64
		{B973769B-9900-4025-940F-8CFAC31A2733}.Release|x86.ActiveCfg = Release|Win32
		{B973769B-9900-4025-940F-8CFAC31A2733}.Release|x86.Build.0 = Release|Win32
		{3117FA3E-A4F0-4F84-B06D-8CB7B6081BC9}.Debug|x64.ActiveCfg = Debug|x64
		{3117FA3E-A4F0-4F84-B06D-8CB7B6081BC9}.Debug|x64.Build.0 = Debug|x64
		{3117FA3E-A4F0-4F84-B06D-8CB7B6081BC9}.Debug|x86.ActiveCfg = Debug|Win32
		{3117FA3E-A4F0-4F84-B06D-8CB7B6081BC9}.Debug|x86.Build.0 = Debug|Win32
		{3117FA3E-A4F0-4F84-B06D-8CB7B6081BC9}.Release|x64.ActiveCfg = Release|x64
		{3117FA3E-A4F0-4F84-B06D-8CB7B6081BC9}.Release|x64.Build.0 = Release|x64
		{3117FA3E-A4F0-4F84-B06D-8CB7B6081BC9}.Release|x86.ActiveCfg = Release|Win32
		{3117FA3E-A4F0-4F84-B06D-8CB7B6081BC9}.Release|x86.Build.0 = Release|Win32
		{B589E10F-8316-492C-9487-FAA89BA36565}.Debug|x64.ActiveCfg = Debug|x64
		{B589E10F-8316-492C-9487-FAA89BA36565}.Debug|x64.Build.0 = Debug|x64
		{B589E10F-8316-492C-9487-FAA89BA36565}.Debug|x86.ActiveCfg = Debug|Win32
		{B589E10F-8316-492C-9487-FAA89BA36565}.Debug|x86.Build.0 = Debug|Win32
		{B589E10F-8316-492C-9487-FAA89BA36565}.Release|x64.ActiveCfg = Release|x64
		{B589E10F-8316-492C-9487-FAA89BA36565}.Release|x64.Build.0 = Release|x64
		{B589E10F-8316-492C-9487-FAA89BA36565}.Release|x86.ActiveCfg = Release|Win32
		{B589E10F-8316-492C-9487-FAA89BA36565}.Release|x86.Build.0 = Release|Win32
	EndGlobalSection
	GlobalSection(SolutionProperties) = preSolution
		HideSolutionNode = FALSE
	EndGlobalSection
	GlobalSection(ExtensibilityGlobals) = postSolution
		SolutionGuid = {FA1F0CAD-B4C5-49F8-AFA3-2B46FC1963FA}
	EndGlobalSection
EndGlobal
