
Microsoft Visual Studio Solution File, Format Version 12.00
# Visual Studio Version 16
VisualStudioVersion = 16.0.31624.102
MinimumVisualStudioVersion = 10.0.40219.1
Project("{8BC9CEB8-8B4A-11D0-8D11-00A0C91BC942}") = "Задание1", "Задание1\Задание1.vcxproj", "{FEB5C017-F3E7-4289-AAD9-41C00F9D4E22}"
EndProject
Project("{8BC9CEB8-8B4A-11D0-8D11-00A0C91BC942}") = "Задание2", "Задание2\Задание2.vcxproj", "{5EF3A554-DF91-4B05-8387-ACE50C48D294}"
EndProject
Project("{8BC9CEB8-8B4A-11D0-8D11-00A0C91BC942}") = "Задание3", "Задание3\Задание3.vcxproj", "{BF4101CF-A8E4-4B76-9526-61A98FE28B47}"
EndProject
Project("{8BC9CEB8-8B4A-11D0-8D11-00A0C91BC942}") = "Задание4(1)", "Задание4(1)\Задание4(1).vcxproj", "{3931C5BF-7E08-4F6D-800D-82BD8BA69C23}"
EndProject
Project("{8BC9CEB8-8B4A-11D0-8D11-00A0C91BC942}") = "Задание4(2)", "Задание4(2)\Задание4(2).vcxproj", "{30DF409F-DA4A-4849-8918-67B4D4542CD0}"
EndProject
Project("{8BC9CEB8-8B4A-11D0-8D11-00A0C91BC942}") = "Задание5", "Задание5\Задание5.vcxproj", "{4C4389A8-B134-41FB-BEB0-12FF0755CA8D}"
EndProject
Project("{8BC9CEB8-8B4A-11D0-8D11-00A0C91BC942}") = "Задание6", "Задание6\Задание6.vcxproj", "{C8F59776-2C83-4E79-9CBA-BD5E5C7AFE48}"
EndProject
Project("{8BC9CEB8-8B4A-11D0-8D11-00A0C91BC942}") = "Задание6(1)", "Задание6(1)\Задание6(1).vcxproj", "{028ADD3F-3A2B-4EE0-B1C2-3CBC0DF1C3D0}"
EndProject
Project("{8BC9CEB8-8B4A-11D0-8D11-00A0C91BC942}") = "Labor5", "..\Labor5\Labor5.vcxproj", "{AC51A792-6212-4AAD-AF39-39D8810F2249}"
EndProject
Project("{8BC9CEB8-8B4A-11D0-8D11-00A0C91BC942}") = "labor5(b)", "labor5(b)\labor5(b).vcxproj", "{F41B804E-5376-4B7D-8F29-EE554D6A390F}"
EndProject
Project("{8BC9CEB8-8B4A-11D0-8D11-00A0C91BC942}") = "5(b)", "..\Labor5\5(b)\5(b).vcxproj", "{E082AFC4-6C7B-4BD3-AD4C-2262DF5AF0DA}"
EndProject
Project("{8BC9CEB8-8B4A-11D0-8D11-00A0C91BC942}") = "Labor5(a)", "Labor5(a)\Labor5(a).vcxproj", "{DC95D7B6-B0F9-4D58-8715-437851E7CDF8}"
EndProject
Project("{8BC9CEB8-8B4A-11D0-8D11-00A0C91BC942}") = "lab5 a", "Задание5\lab5 a\lab5 a.vcxproj", "{04C3EC9B-5B61-465E-BAA6-DAF662AABACE}"
EndProject
Project("{8BC9CEB8-8B4A-11D0-8D11-00A0C91BC942}") = "Laboratory_8", "..\Laboratory_8\Laboratory_8.vcxproj", "{54893E66-F1C6-4B7F-B078-233F0FE95C04}"
EndProject
Project("{8BC9CEB8-8B4A-11D0-8D11-00A0C91BC942}") = "Labor_9", "Labor_9\Labor_9.vcxproj", "{FA897254-83A5-443E-8723-9F0CD81DA8B7}"
EndProject
Global
	GlobalSection(SolutionConfigurationPlatforms) = preSolution
		Debug|x64 = Debug|x64
		Debug|x86 = Debug|x86
		Release|x64 = Release|x64
		Release|x86 = Release|x86
	EndGlobalSection
	GlobalSection(ProjectConfigurationPlatforms) = postSolution
		{FEB5C017-F3E7-4289-AAD9-41C00F9D4E22}.Debug|x64.ActiveCfg = Debug|x64
		{FEB5C017-F3E7-4289-AAD9-41C00F9D4E22}.Debug|x64.Build.0 = Debug|x64
		{FEB5C017-F3E7-4289-AAD9-41C00F9D4E22}.Debug|x86.ActiveCfg = Debug|Win32
		{FEB5C017-F3E7-4289-AAD9-41C00F9D4E22}.Debug|x86.Build.0 = Debug|Win32
		{FEB5C017-F3E7-4289-AAD9-41C00F9D4E22}.Release|x64.ActiveCfg = Release|x64
		{FEB5C017-F3E7-4289-AAD9-41C00F9D4E22}.Release|x64.Build.0 = Release|x64
		{FEB5C017-F3E7-4289-AAD9-41C00F9D4E22}.Release|x86.ActiveCfg = Release|Win32
		{FEB5C017-F3E7-4289-AAD9-41C00F9D4E22}.Release|x86.Build.0 = Release|Win32
		{5EF3A554-DF91-4B05-8387-ACE50C48D294}.Debug|x64.ActiveCfg = Debug|x64
		{5EF3A554-DF91-4B05-8387-ACE50C48D294}.Debug|x64.Build.0 = Debug|x64
		{5EF3A554-DF91-4B05-8387-ACE50C48D294}.Debug|x86.ActiveCfg = Debug|Win32
		{5EF3A554-DF91-4B05-8387-ACE50C48D294}.Debug|x86.Build.0 = Debug|Win32
		{5EF3A554-DF91-4B05-8387-ACE50C48D294}.Release|x64.ActiveCfg = Release|x64
		{5EF3A554-DF91-4B05-8387-ACE50C48D294}.Release|x64.Build.0 = Release|x64
		{5EF3A554-DF91-4B05-8387-ACE50C48D294}.Release|x86.ActiveCfg = Release|Win32
		{5EF3A554-DF91-4B05-8387-ACE50C48D294}.Release|x86.Build.0 = Release|Win32
		{BF4101CF-A8E4-4B76-9526-61A98FE28B47}.Debug|x64.ActiveCfg = Debug|x64
		{BF4101CF-A8E4-4B76-9526-61A98FE28B47}.Debug|x64.Build.0 = Debug|x64
		{BF4101CF-A8E4-4B76-9526-61A98FE28B47}.Debug|x86.ActiveCfg = Debug|Win32
		{BF4101CF-A8E4-4B76-9526-61A98FE28B47}.Debug|x86.Build.0 = Debug|Win32
		{BF4101CF-A8E4-4B76-9526-61A98FE28B47}.Release|x64.ActiveCfg = Release|x64
		{BF4101CF-A8E4-4B76-9526-61A98FE28B47}.Release|x64.Build.0 = Release|x64
		{BF4101CF-A8E4-4B76-9526-61A98FE28B47}.Release|x86.ActiveCfg = Release|Win32
		{BF4101CF-A8E4-4B76-9526-61A98FE28B47}.Release|x86.Build.0 = Release|Win32
		{3931C5BF-7E08-4F6D-800D-82BD8BA69C23}.Debug|x64.ActiveCfg = Debug|x64
		{3931C5BF-7E08-4F6D-800D-82BD8BA69C23}.Debug|x64.Build.0 = Debug|x64
		{3931C5BF-7E08-4F6D-800D-82BD8BA69C23}.Debug|x86.ActiveCfg = Debug|Win32
		{3931C5BF-7E08-4F6D-800D-82BD8BA69C23}.Debug|x86.Build.0 = Debug|Win32
		{3931C5BF-7E08-4F6D-800D-82BD8BA69C23}.Release|x64.ActiveCfg = Release|x64
		{3931C5BF-7E08-4F6D-800D-82BD8BA69C23}.Release|x64.Build.0 = Release|x64
		{3931C5BF-7E08-4F6D-800D-82BD8BA69C23}.Release|x86.ActiveCfg = Release|Win32
		{3931C5BF-7E08-4F6D-800D-82BD8BA69C23}.Release|x86.Build.0 = Release|Win32
		{30DF409F-DA4A-4849-8918-67B4D4542CD0}.Debug|x64.ActiveCfg = Debug|x64
		{30DF409F-DA4A-4849-8918-67B4D4542CD0}.Debug|x64.Build.0 = Debug|x64
		{30DF409F-DA4A-4849-8918-67B4D4542CD0}.Debug|x86.ActiveCfg = Debug|Win32
		{30DF409F-DA4A-4849-8918-67B4D4542CD0}.Debug|x86.Build.0 = Debug|Win32
		{30DF409F-DA4A-4849-8918-67B4D4542CD0}.Release|x64.ActiveCfg = Release|x64
		{30DF409F-DA4A-4849-8918-67B4D4542CD0}.Release|x64.Build.0 = Release|x64
		{30DF409F-DA4A-4849-8918-67B4D4542CD0}.Release|x86.ActiveCfg = Release|Win32
		{30DF409F-DA4A-4849-8918-67B4D4542CD0}.Release|x86.Build.0 = Release|Win32
		{4C4389A8-B134-41FB-BEB0-12FF0755CA8D}.Debug|x64.ActiveCfg = Debug|x64
		{4C4389A8-B134-41FB-BEB0-12FF0755CA8D}.Debug|x64.Build.0 = Debug|x64
		{4C4389A8-B134-41FB-BEB0-12FF0755CA8D}.Debug|x86.ActiveCfg = Debug|Win32
		{4C4389A8-B134-41FB-BEB0-12FF0755CA8D}.Debug|x86.Build.0 = Debug|Win32
		{4C4389A8-B134-41FB-BEB0-12FF0755CA8D}.Release|x64.ActiveCfg = Release|x64
		{4C4389A8-B134-41FB-BEB0-12FF0755CA8D}.Release|x64.Build.0 = Release|x64
		{4C4389A8-B134-41FB-BEB0-12FF0755CA8D}.Release|x86.ActiveCfg = Release|Win32
		{4C4389A8-B134-41FB-BEB0-12FF0755CA8D}.Release|x86.Build.0 = Release|Win32
		{C8F59776-2C83-4E79-9CBA-BD5E5C7AFE48}.Debug|x64.ActiveCfg = Debug|x64
		{C8F59776-2C83-4E79-9CBA-BD5E5C7AFE48}.Debug|x64.Build.0 = Debug|x64
		{C8F59776-2C83-4E79-9CBA-BD5E5C7AFE48}.Debug|x86.ActiveCfg = Debug|Win32
		{C8F59776-2C83-4E79-9CBA-BD5E5C7AFE48}.Debug|x86.Build.0 = Debug|Win32
		{C8F59776-2C83-4E79-9CBA-BD5E5C7AFE48}.Release|x64.ActiveCfg = Release|x64
		{C8F59776-2C83-4E79-9CBA-BD5E5C7AFE48}.Release|x64.Build.0 = Release|x64
		{C8F59776-2C83-4E79-9CBA-BD5E5C7AFE48}.Release|x86.ActiveCfg = Release|Win32
		{C8F59776-2C83-4E79-9CBA-BD5E5C7AFE48}.Release|x86.Build.0 = Release|Win32
		{028ADD3F-3A2B-4EE0-B1C2-3CBC0DF1C3D0}.Debug|x64.ActiveCfg = Debug|x64
		{028ADD3F-3A2B-4EE0-B1C2-3CBC0DF1C3D0}.Debug|x64.Build.0 = Debug|x64
		{028ADD3F-3A2B-4EE0-B1C2-3CBC0DF1C3D0}.Debug|x86.ActiveCfg = Debug|Win32
		{028ADD3F-3A2B-4EE0-B1C2-3CBC0DF1C3D0}.Debug|x86.Build.0 = Debug|Win32
		{028ADD3F-3A2B-4EE0-B1C2-3CBC0DF1C3D0}.Release|x64.ActiveCfg = Release|x64
		{028ADD3F-3A2B-4EE0-B1C2-3CBC0DF1C3D0}.Release|x64.Build.0 = Release|x64
		{028ADD3F-3A2B-4EE0-B1C2-3CBC0DF1C3D0}.Release|x86.ActiveCfg = Release|Win32
		{028ADD3F-3A2B-4EE0-B1C2-3CBC0DF1C3D0}.Release|x86.Build.0 = Release|Win32
		{AC51A792-6212-4AAD-AF39-39D8810F2249}.Debug|x64.ActiveCfg = Debug|x64
		{AC51A792-6212-4AAD-AF39-39D8810F2249}.Debug|x64.Build.0 = Debug|x64
		{AC51A792-6212-4AAD-AF39-39D8810F2249}.Debug|x86.ActiveCfg = Debug|Win32
		{AC51A792-6212-4AAD-AF39-39D8810F2249}.Debug|x86.Build.0 = Debug|Win32
		{AC51A792-6212-4AAD-AF39-39D8810F2249}.Release|x64.ActiveCfg = Release|x64
		{AC51A792-6212-4AAD-AF39-39D8810F2249}.Release|x64.Build.0 = Release|x64
		{AC51A792-6212-4AAD-AF39-39D8810F2249}.Release|x86.ActiveCfg = Release|Win32
		{AC51A792-6212-4AAD-AF39-39D8810F2249}.Release|x86.Build.0 = Release|Win32
		{F41B804E-5376-4B7D-8F29-EE554D6A390F}.Debug|x64.ActiveCfg = Debug|x64
		{F41B804E-5376-4B7D-8F29-EE554D6A390F}.Debug|x64.Build.0 = Debug|x64
		{F41B804E-5376-4B7D-8F29-EE554D6A390F}.Debug|x86.ActiveCfg = Debug|Win32
		{F41B804E-5376-4B7D-8F29-EE554D6A390F}.Debug|x86.Build.0 = Debug|Win32
		{F41B804E-5376-4B7D-8F29-EE554D6A390F}.Release|x64.ActiveCfg = Release|x64
		{F41B804E-5376-4B7D-8F29-EE554D6A390F}.Release|x64.Build.0 = Release|x64
		{F41B804E-5376-4B7D-8F29-EE554D6A390F}.Release|x86.ActiveCfg = Release|Win32
		{F41B804E-5376-4B7D-8F29-EE554D6A390F}.Release|x86.Build.0 = Release|Win32
		{E082AFC4-6C7B-4BD3-AD4C-2262DF5AF0DA}.Debug|x64.ActiveCfg = Debug|x64
		{E082AFC4-6C7B-4BD3-AD4C-2262DF5AF0DA}.Debug|x64.Build.0 = Debug|x64
		{E082AFC4-6C7B-4BD3-AD4C-2262DF5AF0DA}.Debug|x86.ActiveCfg = Debug|Win32
		{E082AFC4-6C7B-4BD3-AD4C-2262DF5AF0DA}.Debug|x86.Build.0 = Debug|Win32
		{E082AFC4-6C7B-4BD3-AD4C-2262DF5AF0DA}.Release|x64.ActiveCfg = Release|x64
		{E082AFC4-6C7B-4BD3-AD4C-2262DF5AF0DA}.Release|x64.Build.0 = Release|x64
		{E082AFC4-6C7B-4BD3-AD4C-2262DF5AF0DA}.Release|x86.ActiveCfg = Release|Win32
		{E082AFC4-6C7B-4BD3-AD4C-2262DF5AF0DA}.Release|x86.Build.0 = Release|Win32
		{DC95D7B6-B0F9-4D58-8715-437851E7CDF8}.Debug|x64.ActiveCfg = Debug|x64
		{DC95D7B6-B0F9-4D58-8715-437851E7CDF8}.Debug|x64.Build.0 = Debug|x64
		{DC95D7B6-B0F9-4D58-8715-437851E7CDF8}.Debug|x86.ActiveCfg = Debug|Win32
		{DC95D7B6-B0F9-4D58-8715-437851E7CDF8}.Debug|x86.Build.0 = Debug|Win32
		{DC95D7B6-B0F9-4D58-8715-437851E7CDF8}.Release|x64.ActiveCfg = Release|x64
		{DC95D7B6-B0F9-4D58-8715-437851E7CDF8}.Release|x64.Build.0 = Release|x64
		{DC95D7B6-B0F9-4D58-8715-437851E7CDF8}.Release|x86.ActiveCfg = Release|Win32
		{DC95D7B6-B0F9-4D58-8715-437851E7CDF8}.Release|x86.Build.0 = Release|Win32
		{04C3EC9B-5B61-465E-BAA6-DAF662AABACE}.Debug|x64.ActiveCfg = Debug|x64
		{04C3EC9B-5B61-465E-BAA6-DAF662AABACE}.Debug|x64.Build.0 = Debug|x64
		{04C3EC9B-5B61-465E-BAA6-DAF662AABACE}.Debug|x86.ActiveCfg = Debug|Win32
		{04C3EC9B-5B61-465E-BAA6-DAF662AABACE}.Debug|x86.Build.0 = Debug|Win32
		{04C3EC9B-5B61-465E-BAA6-DAF662AABACE}.Release|x64.ActiveCfg = Release|x64
		{04C3EC9B-5B61-465E-BAA6-DAF662AABACE}.Release|x64.Build.0 = Release|x64
		{04C3EC9B-5B61-465E-BAA6-DAF662AABACE}.Release|x86.ActiveCfg = Release|Win32
		{04C3EC9B-5B61-465E-BAA6-DAF662AABACE}.Release|x86.Build.0 = Release|Win32
		{54893E66-F1C6-4B7F-B078-233F0FE95C04}.Debug|x64.ActiveCfg = Debug|x64
		{54893E66-F1C6-4B7F-B078-233F0FE95C04}.Debug|x64.Build.0 = Debug|x64
		{54893E66-F1C6-4B7F-B078-233F0FE95C04}.Debug|x86.ActiveCfg = Debug|Win32
		{54893E66-F1C6-4B7F-B078-233F0FE95C04}.Debug|x86.Build.0 = Debug|Win32
		{54893E66-F1C6-4B7F-B078-233F0FE95C04}.Release|x64.ActiveCfg = Release|x64
		{54893E66-F1C6-4B7F-B078-233F0FE95C04}.Release|x64.Build.0 = Release|x64
		{54893E66-F1C6-4B7F-B078-233F0FE95C04}.Release|x86.ActiveCfg = Release|Win32
		{54893E66-F1C6-4B7F-B078-233F0FE95C04}.Release|x86.Build.0 = Release|Win32
		{FA897254-83A5-443E-8723-9F0CD81DA8B7}.Debug|x64.ActiveCfg = Debug|x64
		{FA897254-83A5-443E-8723-9F0CD81DA8B7}.Debug|x64.Build.0 = Debug|x64
		{FA897254-83A5-443E-8723-9F0CD81DA8B7}.Debug|x86.ActiveCfg = Debug|Win32
		{FA897254-83A5-443E-8723-9F0CD81DA8B7}.Debug|x86.Build.0 = Debug|Win32
		{FA897254-83A5-443E-8723-9F0CD81DA8B7}.Release|x64.ActiveCfg = Release|x64
		{FA897254-83A5-443E-8723-9F0CD81DA8B7}.Release|x64.Build.0 = Release|x64
		{FA897254-83A5-443E-8723-9F0CD81DA8B7}.Release|x86.ActiveCfg = Release|Win32
		{FA897254-83A5-443E-8723-9F0CD81DA8B7}.Release|x86.Build.0 = Release|Win32
	EndGlobalSection
	GlobalSection(SolutionProperties) = preSolution
		HideSolutionNode = FALSE
	EndGlobalSection
	GlobalSection(ExtensibilityGlobals) = postSolution
		SolutionGuid = {C03B413D-A3EA-41B9-A773-0D2284599C9A}
	EndGlobalSection
EndGlobal
