
Microsoft Visual Studio Solution File, Format Version 12.00
# Visual Studio Version 16
VisualStudioVersion = 16.0.31624.102
MinimumVisualStudioVersion = 10.0.40219.1
Project("{8BC9CEB8-8B4A-11D0-8D11-00A0C91BC942}") = "Labor_10", "Labor_10\Labor_10.vcxproj", "{8C4EA33A-2257-40A1-A6A5-770B1F874596}"
EndProject
Project("{8BC9CEB8-8B4A-11D0-8D11-00A0C91BC942}") = "Labor_10a", "Labor_10a\Labor_10a.vcxproj", "{E84980FF-DE9D-4EBA-B515-A3F9E1FA379F}"
EndProject
Project("{8BC9CEB8-8B4A-11D0-8D11-00A0C91BC942}") = "Labor_10b", "Labor_10b\Labor_10b.vcxproj", "{64359C81-F71A-482F-AC60-0FDCDF500B2E}"
EndProject
Global
	GlobalSection(SolutionConfigurationPlatforms) = preSolution
		Debug|x64 = Debug|x64
		Debug|x86 = Debug|x86
		Release|x64 = Release|x64
		Release|x86 = Release|x86
	EndGlobalSection
	GlobalSection(ProjectConfigurationPlatforms) = postSolution
		{8C4EA33A-2257-40A1-A6A5-770B1F874596}.Debug|x64.ActiveCfg = Debug|x64
		{8C4EA33A-2257-40A1-A6A5-770B1F874596}.Debug|x64.Build.0 = Debug|x64
		{8C4EA33A-2257-40A1-A6A5-770B1F874596}.Debug|x86.ActiveCfg = Debug|Win32
		{8C4EA33A-2257-40A1-A6A5-770B1F874596}.Debug|x86.Build.0 = Debug|Win32
		{8C4EA33A-2257-40A1-A6A5-770B1F874596}.Release|x64.ActiveCfg = Release|x64
		{8C4EA33A-2257-40A1-A6A5-770B1F874596}.Release|x64.Build.0 = Release|x64
		{8C4EA33A-2257-40A1-A6A5-770B1F874596}.Release|x86.ActiveCfg = Release|Win32
		{8C4EA33A-2257-40A1-A6A5-770B1F874596}.Release|x86.Build.0 = Release|Win32
		{E84980FF-DE9D-4EBA-B515-A3F9E1FA379F}.Debug|x64.ActiveCfg = Debug|x64
		{E84980FF-DE9D-4EBA-B515-A3F9E1FA379F}.Debug|x64.Build.0 = Debug|x64
		{E84980FF-DE9D-4EBA-B515-A3F9E1FA379F}.Debug|x86.ActiveCfg = Debug|Win32
		{E84980FF-DE9D-4EBA-B515-A3F9E1FA379F}.Debug|x86.Build.0 = Debug|Win32
		{E84980FF-DE9D-4EBA-B515-A3F9E1FA379F}.Release|x64.ActiveCfg = Release|x64
		{E84980FF-DE9D-4EBA-B515-A3F9E1FA379F}.Release|x64.Build.0 = Release|x64
		{E84980FF-DE9D-4EBA-B515-A3F9E1FA379F}.Release|x86.ActiveCfg = Release|Win32
		{E84980FF-DE9D-4EBA-B515-A3F9E1FA379F}.Release|x86.Build.0 = Release|Win32
		{64359C81-F71A-482F-AC60-0FDCDF500B2E}.Debug|x64.ActiveCfg = Debug|x64
		{64359C81-F71A-482F-AC60-0FDCDF500B2E}.Debug|x64.Build.0 = Debug|x64
		{64359C81-F71A-482F-AC60-0FDCDF500B2E}.Debug|x86.ActiveCfg = Debug|Win32
		{64359C81-F71A-482F-AC60-0FDCDF500B2E}.Debug|x86.Build.0 = Debug|Win32
		{64359C81-F71A-482F-AC60-0FDCDF500B2E}.Release|x64.ActiveCfg = Release|x64
		{64359C81-F71A-482F-AC60-0FDCDF500B2E}.Release|x64.Build.0 = Release|x64
		{64359C81-F71A-482F-AC60-0FDCDF500B2E}.Release|x86.ActiveCfg = Release|Win32
		{64359C81-F71A-482F-AC60-0FDCDF500B2E}.Release|x86.Build.0 = Release|Win32
	EndGlobalSection
	GlobalSection(SolutionProperties) = preSolution
		HideSolutionNode = FALSE
	EndGlobalSection
	GlobalSection(ExtensibilityGlobals) = postSolution
		SolutionGuid = {7B232E68-0641-4570-B690-DB5A15F5CAC4}
	EndGlobalSection
EndGlobal
