
Microsoft Visual Studio Solution File, Format Version 12.00
# Visual Studio Version 16
VisualStudioVersion = 16.0.31624.102
MinimumVisualStudioVersion = 10.0.40219.1
Project("{8BC9CEB8-8B4A-11D0-8D11-00A0C91BC942}") = "Labor_8", "Labor_8\Labor_8.vcxproj", "{DFABBC1C-8BA8-4307-9AC6-8B4B72B3ECD8}"
EndProject
Project("{8BC9CEB8-8B4A-11D0-8D11-00A0C91BC942}") = "ConsoleApplication1", "ConsoleApplication1\ConsoleApplication1.vcxproj", "{28848751-210B-436B-8AD5-C8641B3422C5}"
EndProject
Project("{8BC9CEB8-8B4A-11D0-8D11-00A0C91BC942}") = "GGGG", "GGGG\GGGG.vcxproj", "{86843598-2F0E-4A58-91EB-D34ABE446879}"
EndProject
Project("{8BC9CEB8-8B4A-11D0-8D11-00A0C91BC942}") = "MDA", "MDA\MDA.vcxproj", "{3166C35A-5BB6-4A85-8708-BAC011ACE12E}"
EndProject
Project("{8BC9CEB8-8B4A-11D0-8D11-00A0C91BC942}") = "LLLLLL", "LLLLLL\LLLLLL.vcxproj", "{0DF535DB-BFF5-4955-A41F-0B13F5C406FB}"
EndProject
Project("{8BC9CEB8-8B4A-11D0-8D11-00A0C91BC942}") = "Labor_8a", "Labor_8a\Labor_8a.vcxproj", "{BD420E11-B1A4-4036-A6F4-EFD577A488D5}"
EndProject
Project("{8BC9CEB8-8B4A-11D0-8D11-00A0C91BC942}") = "Labor_8b", "Labor_8b\Labor_8b.vcxproj", "{22CA4489-966A-4ACB-BCBC-1B5FC721CAE2}"
EndProject
Project("{8BC9CEB8-8B4A-11D0-8D11-00A0C91BC942}") = "Lab_8v", "Lab_8v\Lab_8v.vcxproj", "{ED1553AB-912E-47C0-8C44-89AD1D508530}"
EndProject
Global
	GlobalSection(SolutionConfigurationPlatforms) = preSolution
		Debug|x64 = Debug|x64
		Debug|x86 = Debug|x86
		Release|x64 = Release|x64
		Release|x86 = Release|x86
	EndGlobalSection
	GlobalSection(ProjectConfigurationPlatforms) = postSolution
		{DFABBC1C-8BA8-4307-9AC6-8B4B72B3ECD8}.Debug|x64.ActiveCfg = Debug|x64
		{DFABBC1C-8BA8-4307-9AC6-8B4B72B3ECD8}.Debug|x64.Build.0 = Debug|x64
		{DFABBC1C-8BA8-4307-9AC6-8B4B72B3ECD8}.Debug|x86.ActiveCfg = Debug|Win32
		{DFABBC1C-8BA8-4307-9AC6-8B4B72B3ECD8}.Debug|x86.Build.0 = Debug|Win32
		{DFABBC1C-8BA8-4307-9AC6-8B4B72B3ECD8}.Release|x64.ActiveCfg = Release|x64
		{DFABBC1C-8BA8-4307-9AC6-8B4B72B3ECD8}.Release|x64.Build.0 = Release|x64
		{DFABBC1C-8BA8-4307-9AC6-8B4B72B3ECD8}.Release|x86.ActiveCfg = Release|Win32
		{DFABBC1C-8BA8-4307-9AC6-8B4B72B3ECD8}.Release|x86.Build.0 = Release|Win32
		{28848751-210B-436B-8AD5-C8641B3422C5}.Debug|x64.ActiveCfg = Debug|x64
		{28848751-210B-436B-8AD5-C8641B3422C5}.Debug|x64.Build.0 = Debug|x64
		{28848751-210B-436B-8AD5-C8641B3422C5}.Debug|x86.ActiveCfg = Debug|Win32
		{28848751-210B-436B-8AD5-C8641B3422C5}.Debug|x86.Build.0 = Debug|Win32
		{28848751-210B-436B-8AD5-C8641B3422C5}.Release|x64.ActiveCfg = Release|x64
		{28848751-210B-436B-8AD5-C8641B3422C5}.Release|x64.Build.0 = Release|x64
		{28848751-210B-436B-8AD5-C8641B3422C5}.Release|x86.ActiveCfg = Release|Win32
		{28848751-210B-436B-8AD5-C8641B3422C5}.Release|x86.Build.0 = Release|Win32
		{86843598-2F0E-4A58-91EB-D34ABE446879}.Debug|x64.ActiveCfg = Debug|x64
		{86843598-2F0E-4A58-91EB-D34ABE446879}.Debug|x64.Build.0 = Debug|x64
		{86843598-2F0E-4A58-91EB-D34ABE446879}.Debug|x86.ActiveCfg = Debug|Win32
		{86843598-2F0E-4A58-91EB-D34ABE446879}.Debug|x86.Build.0 = Debug|Win32
		{86843598-2F0E-4A58-91EB-D34ABE446879}.Release|x64.ActiveCfg = Release|x64
		{86843598-2F0E-4A58-91EB-D34ABE446879}.Release|x64.Build.0 = Release|x64
		{86843598-2F0E-4A58-91EB-D34ABE446879}.Release|x86.ActiveCfg = Release|Win32
		{86843598-2F0E-4A58-91EB-D34ABE446879}.Release|x86.Build.0 = Release|Win32
		{3166C35A-5BB6-4A85-8708-BAC011ACE12E}.Debug|x64.ActiveCfg = Debug|x64
		{3166C35A-5BB6-4A85-8708-BAC011ACE12E}.Debug|x64.Build.0 = Debug|x64
		{3166C35A-5BB6-4A85-8708-BAC011ACE12E}.Debug|x86.ActiveCfg = Debug|Win32
		{3166C35A-5BB6-4A85-8708-BAC011ACE12E}.Debug|x86.Build.0 = Debug|Win32
		{3166C35A-5BB6-4A85-8708-BAC011ACE12E}.Release|x64.ActiveCfg = Release|x64
		{3166C35A-5BB6-4A85-8708-BAC011ACE12E}.Release|x64.Build.0 = Release|x64
		{3166C35A-5BB6-4A85-8708-BAC011ACE12E}.Release|x86.ActiveCfg = Release|Win32
		{3166C35A-5BB6-4A85-8708-BAC011ACE12E}.Release|x86.Build.0 = Release|Win32
		{0DF535DB-BFF5-4955-A41F-0B13F5C406FB}.Debug|x64.ActiveCfg = Debug|x64
		{0DF535DB-BFF5-4955-A41F-0B13F5C406FB}.Debug|x64.Build.0 = Debug|x64
		{0DF535DB-BFF5-4955-A41F-0B13F5C406FB}.Debug|x86.ActiveCfg = Debug|Win32
		{0DF535DB-BFF5-4955-A41F-0B13F5C406FB}.Debug|x86.Build.0 = Debug|Win32
		{0DF535DB-BFF5-4955-A41F-0B13F5C406FB}.Release|x64.ActiveCfg = Release|x64
		{0DF535DB-BFF5-4955-A41F-0B13F5C406FB}.Release|x64.Build.0 = Release|x64
		{0DF535DB-BFF5-4955-A41F-0B13F5C406FB}.Release|x86.ActiveCfg = Release|Win32
		{0DF535DB-BFF5-4955-A41F-0B13F5C406FB}.Release|x86.Build.0 = Release|Win32
		{BD420E11-B1A4-4036-A6F4-EFD577A488D5}.Debug|x64.ActiveCfg = Debug|x64
		{BD420E11-B1A4-4036-A6F4-EFD577A488D5}.Debug|x64.Build.0 = Debug|x64
		{BD420E11-B1A4-4036-A6F4-EFD577A488D5}.Debug|x86.ActiveCfg = Debug|Win32
		{BD420E11-B1A4-4036-A6F4-EFD577A488D5}.Debug|x86.Build.0 = Debug|Win32
		{BD420E11-B1A4-4036-A6F4-EFD577A488D5}.Release|x64.ActiveCfg = Release|x64
		{BD420E11-B1A4-4036-A6F4-EFD577A488D5}.Release|x64.Build.0 = Release|x64
		{BD420E11-B1A4-4036-A6F4-EFD577A488D5}.Release|x86.ActiveCfg = Release|Win32
		{BD420E11-B1A4-4036-A6F4-EFD577A488D5}.Release|x86.Build.0 = Release|Win32
		{22CA4489-966A-4ACB-BCBC-1B5FC721CAE2}.Debug|x64.ActiveCfg = Debug|x64
		{22CA4489-966A-4ACB-BCBC-1B5FC721CAE2}.Debug|x64.Build.0 = Debug|x64
		{22CA4489-966A-4ACB-BCBC-1B5FC721CAE2}.Debug|x86.ActiveCfg = Debug|Win32
		{22CA4489-966A-4ACB-BCBC-1B5FC721CAE2}.Debug|x86.Build.0 = Debug|Win32
		{22CA4489-966A-4ACB-BCBC-1B5FC721CAE2}.Release|x64.ActiveCfg = Release|x64
		{22CA4489-966A-4ACB-BCBC-1B5FC721CAE2}.Release|x64.Build.0 = Release|x64
		{22CA4489-966A-4ACB-BCBC-1B5FC721CAE2}.Release|x86.ActiveCfg = Release|Win32
		{22CA4489-966A-4ACB-BCBC-1B5FC721CAE2}.Release|x86.Build.0 = Release|Win32
		{ED1553AB-912E-47C0-8C44-89AD1D508530}.Debug|x64.ActiveCfg = Debug|x64
		{ED1553AB-912E-47C0-8C44-89AD1D508530}.Debug|x64.Build.0 = Debug|x64
		{ED1553AB-912E-47C0-8C44-89AD1D508530}.Debug|x86.ActiveCfg = Debug|Win32
		{ED1553AB-912E-47C0-8C44-89AD1D508530}.Debug|x86.Build.0 = Debug|Win32
		{ED1553AB-912E-47C0-8C44-89AD1D508530}.Release|x64.ActiveCfg = Release|x64
		{ED1553AB-912E-47C0-8C44-89AD1D508530}.Release|x64.Build.0 = Release|x64
		{ED1553AB-912E-47C0-8C44-89AD1D508530}.Release|x86.ActiveCfg = Release|Win32
		{ED1553AB-912E-47C0-8C44-89AD1D508530}.Release|x86.Build.0 = Release|Win32
	EndGlobalSection
	GlobalSection(SolutionProperties) = preSolution
		HideSolutionNode = FALSE
	EndGlobalSection
	GlobalSection(ExtensibilityGlobals) = postSolution
		SolutionGuid = {C495BBC4-A062-4D1C-BE7D-1AD2F1511F03}
	EndGlobalSection
EndGlobal
