
Microsoft Visual Studio Solution File, Format Version 12.00
# Visual Studio Version 16
VisualStudioVersion = 16.0.31624.102
MinimumVisualStudioVersion = 10.0.40219.1
Project("{8BC9CEB8-8B4A-11D0-8D11-00A0C91BC942}") = "Lab_6b", "Lab_6b\Lab_6b.vcxproj", "{08809DB3-60CF-40AC-BFA7-D1A314C86219}"
EndProject
Project("{8BC9CEB8-8B4A-11D0-8D11-00A0C91BC942}") = "b", "b\b.vcxproj", "{CB5A6692-F224-4414-B7C7-395AED898D5F}"
EndProject
Global
	GlobalSection(SolutionConfigurationPlatforms) = preSolution
		Debug|x64 = Debug|x64
		Debug|x86 = Debug|x86
		Release|x64 = Release|x64
		Release|x86 = Release|x86
	EndGlobalSection
	GlobalSection(ProjectConfigurationPlatforms) = postSolution
		{08809DB3-60CF-40AC-BFA7-D1A314C86219}.Debug|x64.ActiveCfg = Debug|x64
		{08809DB3-60CF-40AC-BFA7-D1A314C86219}.Debug|x64.Build.0 = Debug|x64
		{08809DB3-60CF-40AC-BFA7-D1A314C86219}.Debug|x86.ActiveCfg = Debug|Win32
		{08809DB3-60CF-40AC-BFA7-D1A314C86219}.Debug|x86.Build.0 = Debug|Win32
		{08809DB3-60CF-40AC-BFA7-D1A314C86219}.Release|x64.ActiveCfg = Release|x64
		{08809DB3-60CF-40AC-BFA7-D1A314C86219}.Release|x64.Build.0 = Release|x64
		{08809DB3-60CF-40AC-BFA7-D1A314C86219}.Release|x86.ActiveCfg = Release|Win32
		{08809DB3-60CF-40AC-BFA7-D1A314C86219}.Release|x86.Build.0 = Release|Win32
		{CB5A6692-F224-4414-B7C7-395AED898D5F}.Debug|x64.ActiveCfg = Debug|x64
		{CB5A6692-F224-4414-B7C7-395AED898D5F}.Debug|x64.Build.0 = Debug|x64
		{CB5A6692-F224-4414-B7C7-395AED898D5F}.Debug|x86.ActiveCfg = Debug|Win32
		{CB5A6692-F224-4414-B7C7-395AED898D5F}.Debug|x86.Build.0 = Debug|Win32
		{CB5A6692-F224-4414-B7C7-395AED898D5F}.Release|x64.ActiveCfg = Release|x64
		{CB5A6692-F224-4414-B7C7-395AED898D5F}.Release|x64.Build.0 = Release|x64
		{CB5A6692-F224-4414-B7C7-395AED898D5F}.Release|x86.ActiveCfg = Release|Win32
		{CB5A6692-F224-4414-B7C7-395AED898D5F}.Release|x86.Build.0 = Release|Win32
	EndGlobalSection
	GlobalSection(SolutionProperties) = preSolution
		HideSolutionNode = FALSE
	EndGlobalSection
	GlobalSection(ExtensibilityGlobals) = postSolution
		SolutionGuid = {941F86BD-D86F-494A-AA1F-B5B42DE5C8A7}
	EndGlobalSection
EndGlobal
