
Microsoft Visual Studio Solution File, Format Version 12.00
# Visual Studio Version 16
VisualStudioVersion = 16.0.31624.102
MinimumVisualStudioVersion = 10.0.40219.1
Project("{8BC9CEB8-8B4A-11D0-8D11-00A0C91BC942}") = "Labor4", "Labor4.vcxproj", "{03849282-E125-4F0A-9B51-D5800BFE9E59}"
EndProject
Global
	GlobalSection(SolutionConfigurationPlatforms) = preSolution
		Debug|x64 = Debug|x64
		Debug|x86 = Debug|x86
		Release|x64 = Release|x64
		Release|x86 = Release|x86
	EndGlobalSection
	GlobalSection(ProjectConfigurationPlatforms) = postSolution
		{03849282-E125-4F0A-9B51-D5800BFE9E59}.Debug|x64.ActiveCfg = Debug|x64
		{03849282-E125-4F0A-9B51-D5800BFE9E59}.Debug|x64.Build.0 = Debug|x64
		{03849282-E125-4F0A-9B51-D5800BFE9E59}.Debug|x86.ActiveCfg = Debug|Win32
		{03849282-E125-4F0A-9B51-D5800BFE9E59}.Debug|x86.Build.0 = Debug|Win32
		{03849282-E125-4F0A-9B51-D5800BFE9E59}.Release|x64.ActiveCfg = Release|x64
		{03849282-E125-4F0A-9B51-D5800BFE9E59}.Release|x64.Build.0 = Release|x64
		{03849282-E125-4F0A-9B51-D5800BFE9E59}.Release|x86.ActiveCfg = Release|Win32
		{03849282-E125-4F0A-9B51-D5800BFE9E59}.Release|x86.Build.0 = Release|Win32
	EndGlobalSection
	GlobalSection(SolutionProperties) = preSolution
		HideSolutionNode = FALSE
	EndGlobalSection
	GlobalSection(ExtensibilityGlobals) = postSolution
		SolutionGuid = {A8140A63-2205-4D0E-B0C3-EB815B3CC8E7}
	EndGlobalSection
EndGlobal
